// !$*UTF8*$!
{
	archiveVersion = 1;
	classes = {
	};
	objectVersion = 52;
	objects = {

/* Begin PBXBuildFile section */
		B8211D0F2668519D00EC1893 /* RealmSwift in Frameworks */ = {isa = PBXBuildFile; productRef = B8211D0E2668519D00EC1893 /* RealmSwift */; };
		B8211D112668519D00EC1893 /* Realm in Frameworks */ = {isa = PBXBuildFile; productRef = B8211D102668519D00EC1893 /* Realm */; };
		B83A6DD12655EA7000958E84 /* Database.swift in Sources */ = {isa = PBXBuildFile; fileRef = B83A6DD02655EA7000958E84 /* Database.swift */; };
		C6515C642641294E0090B37A /* TodoViewController.swift in Sources */ = {isa = PBXBuildFile; fileRef = C6515C632641294E0090B37A /* TodoViewController.swift */; };
		C6515C6E2642845A0090B37A /* Extension.swift in Sources */ = {isa = PBXBuildFile; fileRef = C6515C6D2642845A0090B37A /* Extension.swift */; };
		C6BA078D263FCF3B00C7DEEA /* TodoEditViewController.swift in Sources */ = {isa = PBXBuildFile; fileRef = C6BA078C263FCF3B00C7DEEA /* TodoEditViewController.swift */; };
		C6C86716263D2AAB005661B4 /* AppDelegate.swift in Sources */ = {isa = PBXBuildFile; fileRef = C6C86715263D2AAB005661B4 /* AppDelegate.swift */; };
		C6C86718263D2AAB005661B4 /* SceneDelegate.swift in Sources */ = {isa = PBXBuildFile; fileRef = C6C86717263D2AAB005661B4 /* SceneDelegate.swift */; };
		C6C8671A263D2AAB005661B4 /* TodoListViewController.swift in Sources */ = {isa = PBXBuildFile; fileRef = C6C86719263D2AAB005661B4 /* TodoListViewController.swift */; };
		C6C8671D263D2AAB005661B4 /* Main.storyboard in Resources */ = {isa = PBXBuildFile; fileRef = C6C8671B263D2AAB005661B4 /* Main.storyboard */; };
		C6C8671F263D2AB0005661B4 /* Assets.xcassets in Resources */ = {isa = PBXBuildFile; fileRef = C6C8671E263D2AB0005661B4 /* Assets.xcassets */; };
		C6C86722263D2AB0005661B4 /* LaunchScreen.storyboard in Resources */ = {isa = PBXBuildFile; fileRef = C6C86720263D2AB0005661B4 /* LaunchScreen.storyboard */; };
		C6C8672F263D31EA005661B4 /* Reusable in Frameworks */ = {isa = PBXBuildFile; productRef = C6C8672E263D31EA005661B4 /* Reusable */; };
		C6C86733263D31F5005661B4 /* Then in Frameworks */ = {isa = PBXBuildFile; productRef = C6C86732263D31F5005661B4 /* Then */; };
		C6C86739263D382B005661B4 /* TodoCell.xib in Resources */ = {isa = PBXBuildFile; fileRef = C6C86738263D382B005661B4 /* TodoCell.xib */; };
		C6C8673C263D383A005661B4 /* TodoCell.swift in Sources */ = {isa = PBXBuildFile; fileRef = C6C8673B263D383A005661B4 /* TodoCell.swift */; };
		C6C86743263E79B1005661B4 /* Todo.swift in Sources */ = {isa = PBXBuildFile; fileRef = C6C86742263E79B1005661B4 /* Todo.swift */; };
/* End PBXBuildFile section */

/* Begin PBXFileReference section */
		B83A6DD02655EA7000958E84 /* Database.swift */ = {isa = PBXFileReference; lastKnownFileType = sourcecode.swift; path = Database.swift; sourceTree = "<group>"; };
		C6515C632641294E0090B37A /* TodoViewController.swift */ = {isa = PBXFileReference; lastKnownFileType = sourcecode.swift; path = TodoViewController.swift; sourceTree = "<group>"; };
		C6515C6D2642845A0090B37A /* Extension.swift */ = {isa = PBXFileReference; lastKnownFileType = sourcecode.swift; path = Extension.swift; sourceTree = "<group>"; };
		C6BA078C263FCF3B00C7DEEA /* TodoEditViewController.swift */ = {isa = PBXFileReference; lastKnownFileType = sourcecode.swift; path = TodoEditViewController.swift; sourceTree = "<group>"; };
		C6C86712263D2AAB005661B4 /* TodoApp.app */ = {isa = PBXFileReference; explicitFileType = wrapper.application; includeInIndex = 0; path = TodoApp.app; sourceTree = BUILT_PRODUCTS_DIR; };
		C6C86715263D2AAB005661B4 /* AppDelegate.swift */ = {isa = PBXFileReference; lastKnownFileType = sourcecode.swift; path = AppDelegate.swift; sourceTree = "<group>"; };
		C6C86717263D2AAB005661B4 /* SceneDelegate.swift */ = {isa = PBXFileReference; lastKnownFileType = sourcecode.swift; path = SceneDelegate.swift; sourceTree = "<group>"; };
		C6C86719263D2AAB005661B4 /* TodoListViewController.swift */ = {isa = PBXFileReference; lastKnownFileType = sourcecode.swift; path = TodoListViewController.swift; sourceTree = "<group>"; };
		C6C8671C263D2AAB005661B4 /* Base */ = {isa = PBXFileReference; lastKnownFileType = file.storyboard; name = Base; path = Base.lproj/Main.storyboard; sourceTree = "<group>"; };
		C6C8671E263D2AB0005661B4 /* Assets.xcassets */ = {isa = PBXFileReference; lastKnownFileType = folder.assetcatalog; path = Assets.xcassets; sourceTree = "<group>"; };
		C6C86721263D2AB0005661B4 /* Base */ = {isa = PBXFileReference; lastKnownFileType = file.storyboard; name = Base; path = Base.lproj/LaunchScreen.storyboard; sourceTree = "<group>"; };
		C6C86723263D2AB0005661B4 /* Info.plist */ = {isa = PBXFileReference; lastKnownFileType = text.plist.xml; path = Info.plist; sourceTree = "<group>"; };
		C6C86738263D382B005661B4 /* TodoCell.xib */ = {isa = PBXFileReference; lastKnownFileType = file.xib; path = TodoCell.xib; sourceTree = "<group>"; };
		C6C8673B263D383A005661B4 /* TodoCell.swift */ = {isa = PBXFileReference; lastKnownFileType = sourcecode.swift; path = TodoCell.swift; sourceTree = "<group>"; };
		C6C86742263E79B1005661B4 /* Todo.swift */ = {isa = PBXFileReference; lastKnownFileType = sourcecode.swift; path = Todo.swift; sourceTree = "<group>"; };
/* End PBXFileReference section */

/* Begin PBXFrameworksBuildPhase section */
		C6C8670F263D2AAB005661B4 /* Frameworks */ = {
			isa = PBXFrameworksBuildPhase;
			buildActionMask = 2147483647;
			files = (
				B8211D0F2668519D00EC1893 /* RealmSwift in Frameworks */,
				C6C8672F263D31EA005661B4 /* Reusable in Frameworks */,
				B8211D112668519D00EC1893 /* Realm in Frameworks */,
				C6C86733263D31F5005661B4 /* Then in Frameworks */,
			);
			runOnlyForDeploymentPostprocessing = 0;
		};
/* End PBXFrameworksBuildPhase section */

/* Begin PBXGroup section */
		B855465826685DC500B400EB /* View */ = {
			isa = PBXGroup;
			children = (
				C6C86719263D2AAB005661B4 /* TodoListViewController.swift */,
				C6515C632641294E0090B37A /* TodoViewController.swift */,
				C6BA078C263FCF3B00C7DEEA /* TodoEditViewController.swift */,
			);
			path = View;
			sourceTree = "<group>";
		};
		B855465926685DDA00B400EB /* Entry */ = {
			isa = PBXGroup;
			children = (
				C6C86715263D2AAB005661B4 /* AppDelegate.swift */,
				C6C86717263D2AAB005661B4 /* SceneDelegate.swift */,
			);
			path = Entry;
			sourceTree = "<group>";
		};
		C6515C6B264284380090B37A /* Extension */ = {
			isa = PBXGroup;
			children = (
				C6515C6D2642845A0090B37A /* Extension.swift */,
			);
			path = Extension;
			sourceTree = "<group>";
		};
		C6BA078F2640108900C7DEEA /* Protocol */ = {
			isa = PBXGroup;
			children = (
			);
			path = Protocol;
			sourceTree = "<group>";
		};
		C6C86709263D2AAB005661B4 = {
			isa = PBXGroup;
			children = (
				C6C86714263D2AAB005661B4 /* TodoApp */,
				C6C86713263D2AAB005661B4 /* Products */,
			);
			sourceTree = "<group>";
		};
		C6C86713263D2AAB005661B4 /* Products */ = {
			isa = PBXGroup;
			children = (
				C6C86712263D2AAB005661B4 /* TodoApp.app */,
			);
			name = Products;
			sourceTree = "<group>";
		};
		C6C86714263D2AAB005661B4 /* TodoApp */ = {
			isa = PBXGroup;
			children = (
				C6C8672C263D2CC1005661B4 /* Assets */,
				C6C8672B263D2CB9005661B4 /* Classes */,
			);
			path = TodoApp;
			sourceTree = "<group>";
		};
		C6C8672B263D2CB9005661B4 /* Classes */ = {
			isa = PBXGroup;
			children = (
				B855465926685DDA00B400EB /* Entry */,
				C6515C6B264284380090B37A /* Extension */,
				C6BA078F2640108900C7DEEA /* Protocol */,
				C6C86741263E7991005661B4 /* Model */,
				B855465826685DC500B400EB /* View */,
				C6C86740263E7978005661B4 /* Service */,
				C6C86737263D3812005661B4 /* Parts */,
			);
			path = Classes;
			sourceTree = "<group>";
		};
		C6C8672C263D2CC1005661B4 /* Assets */ = {
			isa = PBXGroup;
			children = (
				C6C86723263D2AB0005661B4 /* Info.plist */,
				C6C8671E263D2AB0005661B4 /* Assets.xcassets */,
				C6C8671B263D2AAB005661B4 /* Main.storyboard */,
				C6C86720263D2AB0005661B4 /* LaunchScreen.storyboard */,
			);
			path = Assets;
			sourceTree = "<group>";
		};
		C6C86737263D3812005661B4 /* Parts */ = {
			isa = PBXGroup;
			children = (
				C6C86738263D382B005661B4 /* TodoCell.xib */,
				C6C8673B263D383A005661B4 /* TodoCell.swift */,
			);
			path = Parts;
			sourceTree = "<group>";
		};
		C6C86740263E7978005661B4 /* Service */ = {
			isa = PBXGroup;
			children = (
				B83A6DD02655EA7000958E84 /* Database.swift */,
			);
			path = Service;
			sourceTree = "<group>";
		};
		C6C86741263E7991005661B4 /* Model */ = {
			isa = PBXGroup;
			children = (
				C6C86742263E79B1005661B4 /* Todo.swift */,
			);
			path = Model;
			sourceTree = "<group>";
		};
/* End PBXGroup section */

/* Begin PBXNativeTarget section */
		C6C86711263D2AAB005661B4 /* TodoApp */ = {
			isa = PBXNativeTarget;
			buildConfigurationList = C6C86726263D2AB0005661B4 /* Build configuration list for PBXNativeTarget "TodoApp" */;
			buildPhases = (
				C6C8670E263D2AAB005661B4 /* Sources */,
				C6C8670F263D2AAB005661B4 /* Frameworks */,
				C6C86710263D2AAB005661B4 /* Resources */,
			);
			buildRules = (
			);
			dependencies = (
			);
			name = TodoApp;
			packageProductDependencies = (
				C6C8672E263D31EA005661B4 /* Reusable */,
				C6C86732263D31F5005661B4 /* Then */,
				B8211D0E2668519D00EC1893 /* RealmSwift */,
				B8211D102668519D00EC1893 /* Realm */,
			);
			productName = todoApp;
			productReference = C6C86712263D2AAB005661B4 /* TodoApp.app */;
			productType = "com.apple.product-type.application";
		};
/* End PBXNativeTarget section */

/* Begin PBXProject section */
		C6C8670A263D2AAB005661B4 /* Project object */ = {
			isa = PBXProject;
			attributes = {
				LastSwiftUpdateCheck = 1240;
				LastUpgradeCheck = 1240;
				TargetAttributes = {
					C6C86711263D2AAB005661B4 = {
						CreatedOnToolsVersion = 12.4;
					};
				};
			};
			buildConfigurationList = C6C8670D263D2AAB005661B4 /* Build configuration list for PBXProject "TodoApp" */;
			compatibilityVersion = "Xcode 9.3";
			developmentRegion = en;
			hasScannedForEncodings = 0;
			knownRegions = (
				en,
				Base,
			);
			mainGroup = C6C86709263D2AAB005661B4;
			packageReferences = (
				C6C8672D263D31EA005661B4 /* XCRemoteSwiftPackageReference "Reusable" */,
				C6C86731263D31F5005661B4 /* XCRemoteSwiftPackageReference "Then" */,
				B8211D0D2668519D00EC1893 /* XCRemoteSwiftPackageReference "realm-cocoa" */,
			);
			productRefGroup = C6C86713263D2AAB005661B4 /* Products */;
			projectDirPath = "";
			projectRoot = "";
			targets = (
				C6C86711263D2AAB005661B4 /* TodoApp */,
			);
		};
/* End PBXProject section */

/* Begin PBXResourcesBuildPhase section */
		C6C86710263D2AAB005661B4 /* Resources */ = {
			isa = PBXResourcesBuildPhase;
			buildActionMask = 2147483647;
			files = (
				C6C86722263D2AB0005661B4 /* LaunchScreen.storyboard in Resources */,
				C6C8671F263D2AB0005661B4 /* Assets.xcassets in Resources */,
				C6C8671D263D2AAB005661B4 /* Main.storyboard in Resources */,
				C6C86739263D382B005661B4 /* TodoCell.xib in Resources */,
			);
			runOnlyForDeploymentPostprocessing = 0;
		};
/* End PBXResourcesBuildPhase section */

/* Begin PBXSourcesBuildPhase section */
		C6C8670E263D2AAB005661B4 /* Sources */ = {
			isa = PBXSourcesBuildPhase;
			buildActionMask = 2147483647;
			files = (
				C6C8671A263D2AAB005661B4 /* TodoListViewController.swift in Sources */,
				C6C86716263D2AAB005661B4 /* AppDelegate.swift in Sources */,
				C6C86718263D2AAB005661B4 /* SceneDelegate.swift in Sources */,
				C6515C642641294E0090B37A /* TodoViewController.swift in Sources */,
				C6BA078D263FCF3B00C7DEEA /* TodoEditViewController.swift in Sources */,
				C6C8673C263D383A005661B4 /* TodoCell.swift in Sources */,
				B83A6DD12655EA7000958E84 /* Database.swift in Sources */,
				C6C86743263E79B1005661B4 /* Todo.swift in Sources */,
				C6515C6E2642845A0090B37A /* Extension.swift in Sources */,
			);
			runOnlyForDeploymentPostprocessing = 0;
		};
/* End PBXSourcesBuildPhase section */

/* Begin PBXVariantGroup section */
		C6C8671B263D2AAB005661B4 /* Main.storyboard */ = {
			isa = PBXVariantGroup;
			children = (
				C6C8671C263D2AAB005661B4 /* Base */,
			);
			name = Main.storyboard;
			sourceTree = "<group>";
		};
		C6C86720263D2AB0005661B4 /* LaunchScreen.storyboard */ = {
			isa = PBXVariantGroup;
			children = (
				C6C86721263D2AB0005661B4 /* Base */,
			);
			name = LaunchScreen.storyboard;
			sourceTree = "<group>";
		};
/* End PBXVariantGroup section */

/* Begin XCBuildConfiguration section */
		C6C86724263D2AB0005661B4 /* Debug */ = {
			isa = XCBuildConfiguration;
			buildSettings = {
				ALWAYS_SEARCH_USER_PATHS = NO;
				CLANG_ANALYZER_NONNULL = YES;
				CLANG_ANALYZER_NUMBER_OBJECT_CONVERSION = YES_AGGRESSIVE;
				CLANG_CXX_LANGUAGE_STANDARD = "gnu++14";
				CLANG_CXX_LIBRARY = "libc++";
				CLANG_ENABLE_MODULES = YES;
				CLANG_ENABLE_OBJC_ARC = YES;
				CLANG_ENABLE_OBJC_WEAK = YES;
				CLANG_WARN_BLOCK_CAPTURE_AUTORELEASING = YES;
				CLANG_WARN_BOOL_CONVERSION = YES;
				CLANG_WARN_COMMA = YES;
				CLANG_WARN_CONSTANT_CONVERSION = YES;
				CLANG_WARN_DEPRECATED_OBJC_IMPLEMENTATIONS = YES;
				CLANG_WARN_DIRECT_OBJC_ISA_USAGE = YES_ERROR;
				CLANG_WARN_DOCUMENTATION_COMMENTS = YES;
				CLANG_WARN_EMPTY_BODY = YES;
				CLANG_WARN_ENUM_CONVERSION = YES;
				CLANG_WARN_INFINITE_RECURSION = YES;
				CLANG_WARN_INT_CONVERSION = YES;
				CLANG_WARN_NON_LITERAL_NULL_CONVERSION = YES;
				CLANG_WARN_OBJC_IMPLICIT_RETAIN_SELF = YES;
				CLANG_WARN_OBJC_LITERAL_CONVERSION = YES;
				CLANG_WARN_OBJC_ROOT_CLASS = YES_ERROR;
				CLANG_WARN_QUOTED_INCLUDE_IN_FRAMEWORK_HEADER = YES;
				CLANG_WARN_RANGE_LOOP_ANALYSIS = YES;
				CLANG_WARN_STRICT_PROTOTYPES = YES;
				CLANG_WARN_SUSPICIOUS_MOVE = YES;
				CLANG_WARN_UNGUARDED_AVAILABILITY = YES_AGGRESSIVE;
				CLANG_WARN_UNREACHABLE_CODE = YES;
				CLANG_WARN__DUPLICATE_METHOD_MATCH = YES;
				COPY_PHASE_STRIP = NO;
				DEBUG_INFORMATION_FORMAT = dwarf;
				ENABLE_STRICT_OBJC_MSGSEND = YES;
				ENABLE_TESTABILITY = YES;
				GCC_C_LANGUAGE_STANDARD = gnu11;
				GCC_DYNAMIC_NO_PIC = NO;
				GCC_NO_COMMON_BLOCKS = YES;
				GCC_OPTIMIZATION_LEVEL = 0;
				GCC_PREPROCESSOR_DEFINITIONS = (
					"DEBUG=1",
					"$(inherited)",
				);
				GCC_WARN_64_TO_32_BIT_CONVERSION = YES;
				GCC_WARN_ABOUT_RETURN_TYPE = YES_ERROR;
				GCC_WARN_UNDECLARED_SELECTOR = YES;
				GCC_WARN_UNINITIALIZED_AUTOS = YES_AGGRESSIVE;
				GCC_WARN_UNUSED_FUNCTION = YES;
				GCC_WARN_UNUSED_VARIABLE = YES;
				IPHONEOS_DEPLOYMENT_TARGET = 14.4;
				MTL_ENABLE_DEBUG_INFO = INCLUDE_SOURCE;
				MTL_FAST_MATH = YES;
				ONLY_ACTIVE_ARCH = YES;
				SDKROOT = iphoneos;
				SWIFT_ACTIVE_COMPILATION_CONDITIONS = DEBUG;
				SWIFT_OPTIMIZATION_LEVEL = "-Onone";
			};
			name = Debug;
		};
		C6C86725263D2AB0005661B4 /* Release */ = {
			isa = XCBuildConfiguration;
			buildSettings = {
				ALWAYS_SEARCH_USER_PATHS = NO;
				CLANG_ANALYZER_NONNULL = YES;
				CLANG_ANALYZER_NUMBER_OBJECT_CONVERSION = YES_AGGRESSIVE;
				CLANG_CXX_LANGUAGE_STANDARD = "gnu++14";
				CLANG_CXX_LIBRARY = "libc++";
				CLANG_ENABLE_MODULES = YES;
				CLANG_ENABLE_OBJC_ARC = YES;
				CLANG_ENABLE_OBJC_WEAK = YES;
				CLANG_WARN_BLOCK_CAPTURE_AUTORELEASING = YES;
				CLANG_WARN_BOOL_CONVERSION = YES;
				CLANG_WARN_COMMA = YES;
				CLANG_WARN_CONSTANT_CONVERSION = YES;
				CLANG_WARN_DEPRECATED_OBJC_IMPLEMENTATIONS = YES;
				CLANG_WARN_DIRECT_OBJC_ISA_USAGE = YES_ERROR;
				CLANG_WARN_DOCUMENTATION_COMMENTS = YES;
				CLANG_WARN_EMPTY_BODY = YES;
				CLANG_WARN_ENUM_CONVERSION = YES;
				CLANG_WARN_INFINITE_RECURSION = YES;
				CLANG_WARN_INT_CONVERSION = YES;
				CLANG_WARN_NON_LITERAL_NULL_CONVERSION = YES;
				CLANG_WARN_OBJC_IMPLICIT_RETAIN_SELF = YES;
				CLANG_WARN_OBJC_LITERAL_CONVERSION = YES;
				CLANG_WARN_OBJC_ROOT_CLASS = YES_ERROR;
				CLANG_WARN_QUOTED_INCLUDE_IN_FRAMEWORK_HEADER = YES;
				CLANG_WARN_RANGE_LOOP_ANALYSIS = YES;
				CLANG_WARN_STRICT_PROTOTYPES = YES;
				CLANG_WARN_SUSPICIOUS_MOVE = YES;
				CLANG_WARN_UNGUARDED_AVAILABILITY = YES_AGGRESSIVE;
				CLANG_WARN_UNREACHABLE_CODE = YES;
				CLANG_WARN__DUPLICATE_METHOD_MATCH = YES;
				COPY_PHASE_STRIP = NO;
				DEBUG_INFORMATION_FORMAT = "dwarf-with-dsym";
				ENABLE_NS_ASSERTIONS = NO;
				ENABLE_STRICT_OBJC_MSGSEND = YES;
				GCC_C_LANGUAGE_STANDARD = gnu11;
				GCC_NO_COMMON_BLOCKS = YES;
				GCC_WARN_64_TO_32_BIT_CONVERSION = YES;
				GCC_WARN_ABOUT_RETURN_TYPE = YES_ERROR;
				GCC_WARN_UNDECLARED_SELECTOR = YES;
				GCC_WARN_UNINITIALIZED_AUTOS = YES_AGGRESSIVE;
				GCC_WARN_UNUSED_FUNCTION = YES;
				GCC_WARN_UNUSED_VARIABLE = YES;
				IPHONEOS_DEPLOYMENT_TARGET = 14.4;
				MTL_ENABLE_DEBUG_INFO = NO;
				MTL_FAST_MATH = YES;
				SDKROOT = iphoneos;
				SWIFT_COMPILATION_MODE = wholemodule;
				SWIFT_OPTIMIZATION_LEVEL = "-O";
				VALIDATE_PRODUCT = YES;
			};
			name = Release;
		};
		C6C86727263D2AB0005661B4 /* Debug */ = {
			isa = XCBuildConfiguration;
			buildSettings = {
				ASSETCATALOG_COMPILER_APPICON_NAME = AppIcon;
				ASSETCATALOG_COMPILER_GLOBAL_ACCENT_COLOR_NAME = AccentColor;
				CODE_SIGN_STYLE = Automatic;
				INFOPLIST_FILE = TodoApp/Assets/Info.plist;
				LD_RUNPATH_SEARCH_PATHS = (
					"$(inherited)",
					"@executable_path/Frameworks",
				);
				PRODUCT_BUNDLE_IDENTIFIER = "buysell-technologies.todoApp";
				PRODUCT_NAME = "$(TARGET_NAME)";
				SWIFT_VERSION = 5.0;
				TARGETED_DEVICE_FAMILY = 1;
			};
			name = Debug;
		};
		C6C86728263D2AB0005661B4 /* Release */ = {
			isa = XCBuildConfiguration;
			buildSettings = {
				ASSETCATALOG_COMPILER_APPICON_NAME = AppIcon;
				ASSETCATALOG_COMPILER_GLOBAL_ACCENT_COLOR_NAME = AccentColor;
				CODE_SIGN_STYLE = Automatic;
				INFOPLIST_FILE = TodoApp/Assets/Info.plist;
				LD_RUNPATH_SEARCH_PATHS = (
					"$(inherited)",
					"@executable_path/Frameworks",
				);
				PRODUCT_BUNDLE_IDENTIFIER = "buysell-technologies.todoApp";
				PRODUCT_NAME = "$(TARGET_NAME)";
				SWIFT_VERSION = 5.0;
				TARGETED_DEVICE_FAMILY = 1;
			};
			name = Release;
		};
/* End XCBuildConfiguration section */

/* Begin XCConfigurationList section */
		C6C8670D263D2AAB005661B4 /* Build configuration list for PBXProject "TodoApp" */ = {
			isa = XCConfigurationList;
			buildConfigurations = (
				C6C86724263D2AB0005661B4 /* Debug */,
				C6C86725263D2AB0005661B4 /* Release */,
			);
			defaultConfigurationIsVisible = 0;
			defaultConfigurationName = Release;
		};
		C6C86726263D2AB0005661B4 /* Build configuration list for PBXNativeTarget "TodoApp" */ = {
			isa = XCConfigurationList;
			buildConfigurations = (
				C6C86727263D2AB0005661B4 /* Debug */,
				C6C86728263D2AB0005661B4 /* Release */,
			);
			defaultConfigurationIsVisible = 0;
			defaultConfigurationName = Release;
		};
/* End XCConfigurationList section */

/* Begin XCRemoteSwiftPackageReference section */
		B8211D0D2668519D00EC1893 /* XCRemoteSwiftPackageReference "realm-cocoa" */ = {
			isa = XCRemoteSwiftPackageReference;
			repositoryURL = "https://github.com/realm/realm-cocoa.git";
			requirement = {
				kind = upToNextMajorVersion;
				minimumVersion = 10.7.6;
			};
		};
		C6C8672D263D31EA005661B4 /* XCRemoteSwiftPackageReference "Reusable" */ = {
			isa = XCRemoteSwiftPackageReference;
			repositoryURL = "https://github.com/AliSoftware/Reusable.git";
			requirement = {
				kind = upToNextMajorVersion;
				minimumVersion = 4.1.1;
			};
		};
		C6C86731263D31F5005661B4 /* XCRemoteSwiftPackageReference "Then" */ = {
			isa = XCRemoteSwiftPackageReference;
			repositoryURL = "https://github.com/devxoul/Then.git";
			requirement = {
				kind = upToNextMajorVersion;
				minimumVersion = 2.7.0;
			};
		};
/* End XCRemoteSwiftPackageReference section */

/* Begin XCSwiftPackageProductDependency section */
		B8211D0E2668519D00EC1893 /* RealmSwift */ = {
			isa = XCSwiftPackageProductDependency;
			package = B8211D0D2668519D00EC1893 /* XCRemoteSwiftPackageReference "realm-cocoa" */;
			productName = RealmSwift;
		};
		B8211D102668519D00EC1893 /* Realm */ = {
			isa = XCSwiftPackageProductDependency;
			package = B8211D0D2668519D00EC1893 /* XCRemoteSwiftPackageReference "realm-cocoa" */;
			productName = Realm;
		};
		C6C8672E263D31EA005661B4 /* Reusable */ = {
			isa = XCSwiftPackageProductDependency;
			package = C6C8672D263D31EA005661B4 /* XCRemoteSwiftPackageReference "Reusable" */;
			productName = Reusable;
		};
		C6C86732263D31F5005661B4 /* Then */ = {
			isa = XCSwiftPackageProductDependency;
			package = C6C86731263D31F5005661B4 /* XCRemoteSwiftPackageReference "Then" */;
			productName = Then;
		};
/* End XCSwiftPackageProductDependency section */
	};
	rootObject = C6C8670A263D2AAB005661B4 /* Project object */;
}
